// !$*UTF8*$!
{
	archiveVersion = 1;
	classes = {
	};
	objectVersion = 50;
	objects = {

/* Begin PBXBuildFile section */
		3A32FEE220E91BBB00B7296A /* HomeViewUITest.swift in Sources */ = {isa = PBXBuildFile; fileRef = 3A32FEE120E91BBB00B7296A /* HomeViewUITest.swift */; };
		3AF02E6020E5109A00A206A5 /* Alert.swift in Sources */ = {isa = PBXBuildFile; fileRef = 3AF02E5F20E5109A00A206A5 /* Alert.swift */; };
		3AF02E6220E510CC00A206A5 /* HomeViewController.swift in Sources */ = {isa = PBXBuildFile; fileRef = 3AF02E6120E510CC00A206A5 /* HomeViewController.swift */; };
		4712A0C97A0B5650104594C1 /* Pods_schwablicationUITests.framework in Frameworks */ = {isa = PBXBuildFile; fileRef = 0079AAD9A61CC9281FF97184 /* Pods_schwablicationUITests.framework */; };
		47A93B173B40B79BAD4415EC /* Pods_schwablicationTests.framework in Frameworks */ = {isa = PBXBuildFile; fileRef = ACC3626A17489256BBE8B483 /* Pods_schwablicationTests.framework */; };
		C40FD89F20E7C9CA00CDF282 /* ExtendedListViewController.swift in Sources */ = {isa = PBXBuildFile; fileRef = C40FD89E20E7C9CA00CDF282 /* ExtendedListViewController.swift */; };
		C40FD8A120E82A7D00CDF282 /* UIImage+Gif.swift in Sources */ = {isa = PBXBuildFile; fileRef = C40FD8A020E82A7C00CDF282 /* UIImage+Gif.swift */; };
		C41E155420E9025B001849F1 /* RegisterViewUITest.swift in Sources */ = {isa = PBXBuildFile; fileRef = C41E155320E9025B001849F1 /* RegisterViewUITest.swift */; };
		C41E155620E9026C001849F1 /* LoginViewUITest.swift in Sources */ = {isa = PBXBuildFile; fileRef = C41E155520E9026C001849F1 /* LoginViewUITest.swift */; };
		C41E155A20E926AB001849F1 /* DateFormatterUnitTest.swift in Sources */ = {isa = PBXBuildFile; fileRef = C41E155920E926AB001849F1 /* DateFormatterUnitTest.swift */; };
		C41E155B20E9275B001849F1 /* DateFormatter.swift in Sources */ = {isa = PBXBuildFile; fileRef = C4FB3CDD20DE853B008E4E21 /* DateFormatter.swift */; };
		C41E156220E92CB1001849F1 /* EntryManager.swift in Sources */ = {isa = PBXBuildFile; fileRef = C4FB3CDB20DD38A5008E4E21 /* EntryManager.swift */; };
		C41E156320E930F3001849F1 /* EntryModel.swift in Sources */ = {isa = PBXBuildFile; fileRef = C41E70E320D833200033CC18 /* EntryModel.swift */; };
		C41E156420E931B9001849F1 /* Category.swift in Sources */ = {isa = PBXBuildFile; fileRef = C44B610C20D84AD5004EBFA8 /* Category.swift */; };
		C41E156620E9556D001849F1 /* ExtendedListViewUITest.swift in Sources */ = {isa = PBXBuildFile; fileRef = C41E156520E9556D001849F1 /* ExtendedListViewUITest.swift */; };
		C41E70E420D833200033CC18 /* EntryModel.swift in Sources */ = {isa = PBXBuildFile; fileRef = C41E70E320D833200033CC18 /* EntryModel.swift */; };
		C4279E4E20E57F1D006FD30C /* ListViewUITest.swift in Sources */ = {isa = PBXBuildFile; fileRef = C4279E4D20E57F1D006FD30C /* ListViewUITest.swift */; };
		C431AC2520E6DC69002C6E56 /* ImageHelper.swift in Sources */ = {isa = PBXBuildFile; fileRef = C431AC2420E6DC69002C6E56 /* ImageHelper.swift */; };
		C44B610920D834A6004EBFA8 /* GoogleService-Info.plist in Resources */ = {isa = PBXBuildFile; fileRef = C44B610820D834A6004EBFA8 /* GoogleService-Info.plist */; };
		C44B610B20D83C2D004EBFA8 /* ListViewControllerTableViewCell.swift in Sources */ = {isa = PBXBuildFile; fileRef = C44B610A20D83C2C004EBFA8 /* ListViewControllerTableViewCell.swift */; };
		C44B610D20D84AD5004EBFA8 /* Category.swift in Sources */ = {isa = PBXBuildFile; fileRef = C44B610C20D84AD5004EBFA8 /* Category.swift */; };
		C4AD42D320D8310B003652AE /* AppDelegate.swift in Sources */ = {isa = PBXBuildFile; fileRef = C4AD42D220D8310B003652AE /* AppDelegate.swift */; };
		C4AD42D520D8310B003652AE /* ListViewController.swift in Sources */ = {isa = PBXBuildFile; fileRef = C4AD42D420D8310B003652AE /* ListViewController.swift */; };
		C4AD42D820D8310B003652AE /* Main.storyboard in Resources */ = {isa = PBXBuildFile; fileRef = C4AD42D620D8310B003652AE /* Main.storyboard */; };
		C4AD42DA20D8310B003652AE /* Assets.xcassets in Resources */ = {isa = PBXBuildFile; fileRef = C4AD42D920D8310B003652AE /* Assets.xcassets */; };
		C4E6A75B20E637940009BDFD /* LoginViewController.swift in Sources */ = {isa = PBXBuildFile; fileRef = C4E6A75A20E637940009BDFD /* LoginViewController.swift */; };
		C4E6A75D20E639D30009BDFD /* RegisterViewController.swift in Sources */ = {isa = PBXBuildFile; fileRef = C4E6A75C20E639D30009BDFD /* RegisterViewController.swift */; };
		C4FB3CDC20DD38A5008E4E21 /* EntryManager.swift in Sources */ = {isa = PBXBuildFile; fileRef = C4FB3CDB20DD38A5008E4E21 /* EntryManager.swift */; };
		C4FB3CDE20DE853B008E4E21 /* DateFormatter.swift in Sources */ = {isa = PBXBuildFile; fileRef = C4FB3CDD20DE853B008E4E21 /* DateFormatter.swift */; };
		FEA8FFF4E505CB2596CC901E /* Pods_schwablication.framework in Frameworks */ = {isa = PBXBuildFile; fileRef = E568A8E9037BEDC569E14835 /* Pods_schwablication.framework */; };
/* End PBXBuildFile section */

/* Begin PBXContainerItemProxy section */
		C4279E3820E57E76006FD30C /* PBXContainerItemProxy */ = {
			isa = PBXContainerItemProxy;
			containerPortal = C4AD42C720D8310B003652AE /* Project object */;
			proxyType = 1;
			remoteGlobalIDString = C4AD42CE20D8310B003652AE;
			remoteInfo = schwablication;
		};
		C4279E4620E57E7D006FD30C /* PBXContainerItemProxy */ = {
			isa = PBXContainerItemProxy;
			containerPortal = C4AD42C720D8310B003652AE /* Project object */;
			proxyType = 1;
			remoteGlobalIDString = C4AD42CE20D8310B003652AE;
			remoteInfo = schwablication;
		};
/* End PBXContainerItemProxy section */

/* Begin PBXFileReference section */
		0079AAD9A61CC9281FF97184 /* Pods_schwablicationUITests.framework */ = {isa = PBXFileReference; explicitFileType = wrapper.framework; includeInIndex = 0; path = Pods_schwablicationUITests.framework; sourceTree = BUILT_PRODUCTS_DIR; };
		3A32FEE120E91BBB00B7296A /* HomeViewUITest.swift */ = {isa = PBXFileReference; lastKnownFileType = sourcecode.swift; path = HomeViewUITest.swift; sourceTree = "<group>"; };
		3AF02E5F20E5109A00A206A5 /* Alert.swift */ = {isa = PBXFileReference; lastKnownFileType = sourcecode.swift; path = Alert.swift; sourceTree = "<group>"; };
		3AF02E6120E510CC00A206A5 /* HomeViewController.swift */ = {isa = PBXFileReference; lastKnownFileType = sourcecode.swift; path = HomeViewController.swift; sourceTree = "<group>"; };
		5B4E2ED79ADD392E28586DE7 /* Pods-schwablication.release.xcconfig */ = {isa = PBXFileReference; includeInIndex = 1; lastKnownFileType = text.xcconfig; name = "Pods-schwablication.release.xcconfig"; path = "Pods/Target Support Files/Pods-schwablication/Pods-schwablication.release.xcconfig"; sourceTree = "<group>"; };
		687682AF0EC02EE498DFB8CB /* Pods-schwablicationUITests.release.xcconfig */ = {isa = PBXFileReference; includeInIndex = 1; lastKnownFileType = text.xcconfig; name = "Pods-schwablicationUITests.release.xcconfig"; path = "Pods/Target Support Files/Pods-schwablicationUITests/Pods-schwablicationUITests.release.xcconfig"; sourceTree = "<group>"; };
		75E38239E44F2612E9025CDF /* Pods-schwablication.debug.xcconfig */ = {isa = PBXFileReference; includeInIndex = 1; lastKnownFileType = text.xcconfig; name = "Pods-schwablication.debug.xcconfig"; path = "Pods/Target Support Files/Pods-schwablication/Pods-schwablication.debug.xcconfig"; sourceTree = "<group>"; };
		77A771D0DF1AB17308BDB070 /* Pods-schwablicationUITests.debug.xcconfig */ = {isa = PBXFileReference; includeInIndex = 1; lastKnownFileType = text.xcconfig; name = "Pods-schwablicationUITests.debug.xcconfig"; path = "Pods/Target Support Files/Pods-schwablicationUITests/Pods-schwablicationUITests.debug.xcconfig"; sourceTree = "<group>"; };
		ACC3626A17489256BBE8B483 /* Pods_schwablicationTests.framework */ = {isa = PBXFileReference; explicitFileType = wrapper.framework; includeInIndex = 0; path = Pods_schwablicationTests.framework; sourceTree = BUILT_PRODUCTS_DIR; };
		AFF6FAE9EAD609BE0FCCB4E3 /* Pods-schwablicationTests.debug.xcconfig */ = {isa = PBXFileReference; includeInIndex = 1; lastKnownFileType = text.xcconfig; name = "Pods-schwablicationTests.debug.xcconfig"; path = "Pods/Target Support Files/Pods-schwablicationTests/Pods-schwablicationTests.debug.xcconfig"; sourceTree = "<group>"; };
		B6872A711C04FAA78DFFFA4E /* Pods-schwablicationTests.release.xcconfig */ = {isa = PBXFileReference; includeInIndex = 1; lastKnownFileType = text.xcconfig; name = "Pods-schwablicationTests.release.xcconfig"; path = "Pods/Target Support Files/Pods-schwablicationTests/Pods-schwablicationTests.release.xcconfig"; sourceTree = "<group>"; };
		C40FD89E20E7C9CA00CDF282 /* ExtendedListViewController.swift */ = {isa = PBXFileReference; lastKnownFileType = sourcecode.swift; path = ExtendedListViewController.swift; sourceTree = "<group>"; };
		C40FD8A020E82A7C00CDF282 /* UIImage+Gif.swift */ = {isa = PBXFileReference; fileEncoding = 4; lastKnownFileType = sourcecode.swift; path = "UIImage+Gif.swift"; sourceTree = "<group>"; };
		C41E155320E9025B001849F1 /* RegisterViewUITest.swift */ = {isa = PBXFileReference; lastKnownFileType = sourcecode.swift; path = RegisterViewUITest.swift; sourceTree = "<group>"; };
		C41E155520E9026C001849F1 /* LoginViewUITest.swift */ = {isa = PBXFileReference; lastKnownFileType = sourcecode.swift; path = LoginViewUITest.swift; sourceTree = "<group>"; };
		C41E155920E926AB001849F1 /* DateFormatterUnitTest.swift */ = {isa = PBXFileReference; lastKnownFileType = sourcecode.swift; path = DateFormatterUnitTest.swift; sourceTree = "<group>"; };
		C41E156520E9556D001849F1 /* ExtendedListViewUITest.swift */ = {isa = PBXFileReference; lastKnownFileType = sourcecode.swift; path = ExtendedListViewUITest.swift; sourceTree = "<group>"; };
		C41E70E320D833200033CC18 /* EntryModel.swift */ = {isa = PBXFileReference; lastKnownFileType = sourcecode.swift; path = EntryModel.swift; sourceTree = "<group>"; };
		C4279E3320E57E76006FD30C /* schwablicationTests.xctest */ = {isa = PBXFileReference; explicitFileType = wrapper.cfbundle; includeInIndex = 0; path = schwablicationTests.xctest; sourceTree = BUILT_PRODUCTS_DIR; };
		C4279E3720E57E76006FD30C /* Info.plist */ = {isa = PBXFileReference; lastKnownFileType = text.plist.xml; path = Info.plist; sourceTree = "<group>"; };
		C4279E4120E57E7D006FD30C /* schwablicationUITests.xctest */ = {isa = PBXFileReference; explicitFileType = wrapper.cfbundle; includeInIndex = 0; path = schwablicationUITests.xctest; sourceTree = BUILT_PRODUCTS_DIR; };
		C4279E4520E57E7D006FD30C /* Info.plist */ = {isa = PBXFileReference; lastKnownFileType = text.plist.xml; path = Info.plist; sourceTree = "<group>"; };
		C4279E4D20E57F1D006FD30C /* ListViewUITest.swift */ = {isa = PBXFileReference; lastKnownFileType = sourcecode.swift; path = ListViewUITest.swift; sourceTree = "<group>"; };
		C431AC2420E6DC69002C6E56 /* ImageHelper.swift */ = {isa = PBXFileReference; lastKnownFileType = sourcecode.swift; path = ImageHelper.swift; sourceTree = "<group>"; };
		C44B610820D834A6004EBFA8 /* GoogleService-Info.plist */ = {isa = PBXFileReference; fileEncoding = 4; lastKnownFileType = text.plist.xml; path = "GoogleService-Info.plist"; sourceTree = "<group>"; };
		C44B610A20D83C2C004EBFA8 /* ListViewControllerTableViewCell.swift */ = {isa = PBXFileReference; fileEncoding = 4; lastKnownFileType = sourcecode.swift; path = ListViewControllerTableViewCell.swift; sourceTree = "<group>"; };
		C44B610C20D84AD5004EBFA8 /* Category.swift */ = {isa = PBXFileReference; lastKnownFileType = sourcecode.swift; path = Category.swift; sourceTree = "<group>"; };
		C4AD42CF20D8310B003652AE /* schwablication.app */ = {isa = PBXFileReference; explicitFileType = wrapper.application; includeInIndex = 0; path = schwablication.app; sourceTree = BUILT_PRODUCTS_DIR; };
		C4AD42D220D8310B003652AE /* AppDelegate.swift */ = {isa = PBXFileReference; lastKnownFileType = sourcecode.swift; path = AppDelegate.swift; sourceTree = "<group>"; };
		C4AD42D420D8310B003652AE /* ListViewController.swift */ = {isa = PBXFileReference; lastKnownFileType = sourcecode.swift; path = ListViewController.swift; sourceTree = "<group>"; };
		C4AD42D720D8310B003652AE /* Base */ = {isa = PBXFileReference; lastKnownFileType = file.storyboard; name = Base; path = Base.lproj/Main.storyboard; sourceTree = "<group>"; };
		C4AD42D920D8310B003652AE /* Assets.xcassets */ = {isa = PBXFileReference; lastKnownFileType = folder.assetcatalog; path = Assets.xcassets; sourceTree = "<group>"; };
		C4AD42DE20D8310B003652AE /* Info.plist */ = {isa = PBXFileReference; lastKnownFileType = text.plist.xml; path = Info.plist; sourceTree = "<group>"; };
		C4E6A75A20E637940009BDFD /* LoginViewController.swift */ = {isa = PBXFileReference; lastKnownFileType = sourcecode.swift; path = LoginViewController.swift; sourceTree = "<group>"; };
		C4E6A75C20E639D30009BDFD /* RegisterViewController.swift */ = {isa = PBXFileReference; lastKnownFileType = sourcecode.swift; path = RegisterViewController.swift; sourceTree = "<group>"; };
		C4FB3CDB20DD38A5008E4E21 /* EntryManager.swift */ = {isa = PBXFileReference; lastKnownFileType = sourcecode.swift; path = EntryManager.swift; sourceTree = "<group>"; };
		C4FB3CDD20DE853B008E4E21 /* DateFormatter.swift */ = {isa = PBXFileReference; lastKnownFileType = sourcecode.swift; path = DateFormatter.swift; sourceTree = "<group>"; };
		E568A8E9037BEDC569E14835 /* Pods_schwablication.framework */ = {isa = PBXFileReference; explicitFileType = wrapper.framework; includeInIndex = 0; path = Pods_schwablication.framework; sourceTree = BUILT_PRODUCTS_DIR; };
/* End PBXFileReference section */

/* Begin PBXFrameworksBuildPhase section */
		C4279E3020E57E76006FD30C /* Frameworks */ = {
			isa = PBXFrameworksBuildPhase;
			buildActionMask = 2147483647;
			files = (
				47A93B173B40B79BAD4415EC /* Pods_schwablicationTests.framework in Frameworks */,
			);
			runOnlyForDeploymentPostprocessing = 0;
		};
		C4279E3E20E57E7D006FD30C /* Frameworks */ = {
			isa = PBXFrameworksBuildPhase;
			buildActionMask = 2147483647;
			files = (
				4712A0C97A0B5650104594C1 /* Pods_schwablicationUITests.framework in Frameworks */,
			);
			runOnlyForDeploymentPostprocessing = 0;
		};
		C4AD42CC20D8310B003652AE /* Frameworks */ = {
			isa = PBXFrameworksBuildPhase;
			buildActionMask = 2147483647;
			files = (
				FEA8FFF4E505CB2596CC901E /* Pods_schwablication.framework in Frameworks */,
			);
			runOnlyForDeploymentPostprocessing = 0;
		};
/* End PBXFrameworksBuildPhase section */

/* Begin PBXGroup section */
		50E71AD3A75190B3E86370C9 /* Frameworks */ = {
			isa = PBXGroup;
			children = (
				E568A8E9037BEDC569E14835 /* Pods_schwablication.framework */,
				ACC3626A17489256BBE8B483 /* Pods_schwablicationTests.framework */,
				0079AAD9A61CC9281FF97184 /* Pods_schwablicationUITests.framework */,
			);
			name = Frameworks;
			sourceTree = "<group>";
		};
		9DACD6902F73F70525A8BE55 /* Pods */ = {
			isa = PBXGroup;
			children = (
				75E38239E44F2612E9025CDF /* Pods-schwablication.debug.xcconfig */,
				5B4E2ED79ADD392E28586DE7 /* Pods-schwablication.release.xcconfig */,
				AFF6FAE9EAD609BE0FCCB4E3 /* Pods-schwablicationTests.debug.xcconfig */,
				B6872A711C04FAA78DFFFA4E /* Pods-schwablicationTests.release.xcconfig */,
				77A771D0DF1AB17308BDB070 /* Pods-schwablicationUITests.debug.xcconfig */,
				687682AF0EC02EE498DFB8CB /* Pods-schwablicationUITests.release.xcconfig */,
			);
			name = Pods;
			sourceTree = "<group>";
		};
		C4279E3420E57E76006FD30C /* schwablicationTests */ = {
			isa = PBXGroup;
			children = (
				C41E155920E926AB001849F1 /* DateFormatterUnitTest.swift */,
				C4279E3720E57E76006FD30C /* Info.plist */,
			);
			path = schwablicationTests;
			sourceTree = "<group>";
		};
		C4279E4220E57E7D006FD30C /* schwablicationUITests */ = {
			isa = PBXGroup;
			children = (
				C41E155320E9025B001849F1 /* RegisterViewUITest.swift */,
				C41E155520E9026C001849F1 /* LoginViewUITest.swift */,
				3A32FEE120E91BBB00B7296A /* HomeViewUITest.swift */,
				C4279E4D20E57F1D006FD30C /* ListViewUITest.swift */,
				C41E156520E9556D001849F1 /* ExtendedListViewUITest.swift */,
				C4279E4520E57E7D006FD30C /* Info.plist */,
			);
			path = schwablicationUITests;
			sourceTree = "<group>";
		};
		C44B610E20D99665004EBFA8 /* Model */ = {
			isa = PBXGroup;
			children = (
				C44B610C20D84AD5004EBFA8 /* Category.swift */,
				C4FB3CDB20DD38A5008E4E21 /* EntryManager.swift */,
				C41E70E320D833200033CC18 /* EntryModel.swift */,
			);
			path = Model;
			sourceTree = "<group>";
		};
		C4AD42C620D8310B003652AE = {
			isa = PBXGroup;
			children = (
				C4AD42D120D8310B003652AE /* schwablication */,
				C4279E3420E57E76006FD30C /* schwablicationTests */,
				C4279E4220E57E7D006FD30C /* schwablicationUITests */,
				C4AD42D020D8310B003652AE /* Products */,
				9DACD6902F73F70525A8BE55 /* Pods */,
				50E71AD3A75190B3E86370C9 /* Frameworks */,
			);
			sourceTree = "<group>";
		};
		C4AD42D020D8310B003652AE /* Products */ = {
			isa = PBXGroup;
			children = (
				C4AD42CF20D8310B003652AE /* schwablication.app */,
				C4279E3320E57E76006FD30C /* schwablicationTests.xctest */,
				C4279E4120E57E7D006FD30C /* schwablicationUITests.xctest */,
			);
			name = Products;
			sourceTree = "<group>";
		};
		C4AD42D120D8310B003652AE /* schwablication */ = {
			isa = PBXGroup;
			children = (
				C4AD42D920D8310B003652AE /* Assets.xcassets */,
				C44B610E20D99665004EBFA8 /* Model */,
				C4FB3CE020DEA184008E4E21 /* View */,
				C4FB3CDF20DEA17D008E4E21 /* Controller */,
				C4FB3CE120DEA18A008E4E21 /* Helper */,
				C4AD42D220D8310B003652AE /* AppDelegate.swift */,
				C4AD42D620D8310B003652AE /* Main.storyboard */,
				C44B610820D834A6004EBFA8 /* GoogleService-Info.plist */,
				C4AD42DE20D8310B003652AE /* Info.plist */,
			);
			path = schwablication;
			sourceTree = "<group>";
		};
		C4FB3CDF20DEA17D008E4E21 /* Controller */ = {
			isa = PBXGroup;
			children = (
				C40FD89E20E7C9CA00CDF282 /* ExtendedListViewController.swift */,
				3AF02E6120E510CC00A206A5 /* HomeViewController.swift */,
				C4AD42D420D8310B003652AE /* ListViewController.swift */,
				C4E6A75A20E637940009BDFD /* LoginViewController.swift */,
				C4E6A75C20E639D30009BDFD /* RegisterViewController.swift */,
			);
			path = Controller;
			sourceTree = "<group>";
		};
		C4FB3CE020DEA184008E4E21 /* View */ = {
			isa = PBXGroup;
			children = (
				C44B610A20D83C2C004EBFA8 /* ListViewControllerTableViewCell.swift */,
			);
			path = View;
			sourceTree = "<group>";
		};
		C4FB3CE120DEA18A008E4E21 /* Helper */ = {
			isa = PBXGroup;
			children = (
				3AF02E5F20E5109A00A206A5 /* Alert.swift */,
				C4FB3CDD20DE853B008E4E21 /* DateFormatter.swift */,
				C431AC2420E6DC69002C6E56 /* ImageHelper.swift */,
				C40FD8A020E82A7C00CDF282 /* UIImage+Gif.swift */,
			);
			path = Helper;
			sourceTree = "<group>";
		};
/* End PBXGroup section */

/* Begin PBXNativeTarget section */
		C4279E3220E57E76006FD30C /* schwablicationTests */ = {
			isa = PBXNativeTarget;
			buildConfigurationList = C4279E3C20E57E76006FD30C /* Build configuration list for PBXNativeTarget "schwablicationTests" */;
			buildPhases = (
				C6F3CF2D91687F4E00E9F3BD /* [CP] Check Pods Manifest.lock */,
				C4279E2F20E57E76006FD30C /* Sources */,
				C4279E3020E57E76006FD30C /* Frameworks */,
				C4279E3120E57E76006FD30C /* Resources */,
			);
			buildRules = (
			);
			dependencies = (
				C4279E3920E57E76006FD30C /* PBXTargetDependency */,
			);
			name = schwablicationTests;
			productName = schwablicationTests;
			productReference = C4279E3320E57E76006FD30C /* schwablicationTests.xctest */;
			productType = "com.apple.product-type.bundle.unit-test";
		};
		C4279E4020E57E7D006FD30C /* schwablicationUITests */ = {
			isa = PBXNativeTarget;
			buildConfigurationList = C4279E4820E57E7D006FD30C /* Build configuration list for PBXNativeTarget "schwablicationUITests" */;
			buildPhases = (
				AEFD08404B8D8D53A33685A3 /* [CP] Check Pods Manifest.lock */,
				C4279E3D20E57E7D006FD30C /* Sources */,
				C4279E3E20E57E7D006FD30C /* Frameworks */,
				C4279E3F20E57E7D006FD30C /* Resources */,
			);
			buildRules = (
			);
			dependencies = (
				C4279E4720E57E7D006FD30C /* PBXTargetDependency */,
			);
			name = schwablicationUITests;
			productName = schwablicationUITests;
			productReference = C4279E4120E57E7D006FD30C /* schwablicationUITests.xctest */;
			productType = "com.apple.product-type.bundle.ui-testing";
		};
		C4AD42CE20D8310B003652AE /* schwablication */ = {
			isa = PBXNativeTarget;
			buildConfigurationList = C4AD42F720D8310C003652AE /* Build configuration list for PBXNativeTarget "schwablication" */;
			buildPhases = (
				3E4C61EE1EDBDCF444F74BD1 /* [CP] Check Pods Manifest.lock */,
				C4AD42CB20D8310B003652AE /* Sources */,
				C4AD42CC20D8310B003652AE /* Frameworks */,
				C4AD42CD20D8310B003652AE /* Resources */,
				40B43764AD0A123FCC5ABD50 /* [CP] Embed Pods Frameworks */,
			);
			buildRules = (
			);
			dependencies = (
			);
			name = schwablication;
			productName = schwablication;
			productReference = C4AD42CF20D8310B003652AE /* schwablication.app */;
			productType = "com.apple.product-type.application";
		};
/* End PBXNativeTarget section */

/* Begin PBXProject section */
		C4AD42C720D8310B003652AE /* Project object */ = {
			isa = PBXProject;
			attributes = {
				LastSwiftUpdateCheck = 0940;
				LastUpgradeCheck = 0940;
				ORGANIZATIONNAME = "Hochschule der Medien";
				TargetAttributes = {
					C4279E3220E57E76006FD30C = {
						CreatedOnToolsVersion = 9.4.1;
						TestTargetID = C4AD42CE20D8310B003652AE;
					};
					C4279E4020E57E7D006FD30C = {
						CreatedOnToolsVersion = 9.4.1;
						TestTargetID = C4AD42CE20D8310B003652AE;
					};
					C4AD42CE20D8310B003652AE = {
						CreatedOnToolsVersion = 9.4;
					};
				};
			};
			buildConfigurationList = C4AD42CA20D8310B003652AE /* Build configuration list for PBXProject "schwablication" */;
			compatibilityVersion = "Xcode 9.3";
			developmentRegion = en;
			hasScannedForEncodings = 0;
			knownRegions = (
				en,
				Base,
			);
			mainGroup = C4AD42C620D8310B003652AE;
			productRefGroup = C4AD42D020D8310B003652AE /* Products */;
			projectDirPath = "";
			projectRoot = "";
			targets = (
				C4AD42CE20D8310B003652AE /* schwablication */,
				C4279E3220E57E76006FD30C /* schwablicationTests */,
				C4279E4020E57E7D006FD30C /* schwablicationUITests */,
			);
		};
/* End PBXProject section */

/* Begin PBXResourcesBuildPhase section */
		C4279E3120E57E76006FD30C /* Resources */ = {
			isa = PBXResourcesBuildPhase;
			buildActionMask = 2147483647;
			files = (
			);
			runOnlyForDeploymentPostprocessing = 0;
		};
		C4279E3F20E57E7D006FD30C /* Resources */ = {
			isa = PBXResourcesBuildPhase;
			buildActionMask = 2147483647;
			files = (
			);
			runOnlyForDeploymentPostprocessing = 0;
		};
		C4AD42CD20D8310B003652AE /* Resources */ = {
			isa = PBXResourcesBuildPhase;
			buildActionMask = 2147483647;
			files = (
				C44B610920D834A6004EBFA8 /* GoogleService-Info.plist in Resources */,
				C4AD42DA20D8310B003652AE /* Assets.xcassets in Resources */,
				C4AD42D820D8310B003652AE /* Main.storyboard in Resources */,
			);
			runOnlyForDeploymentPostprocessing = 0;
		};
/* End PBXResourcesBuildPhase section */

/* Begin PBXShellScriptBuildPhase section */
		3E4C61EE1EDBDCF444F74BD1 /* [CP] Check Pods Manifest.lock */ = {
			isa = PBXShellScriptBuildPhase;
			buildActionMask = 2147483647;
			files = (
			);
			inputPaths = (
				"${PODS_PODFILE_DIR_PATH}/Podfile.lock",
				"${PODS_ROOT}/Manifest.lock",
			);
			name = "[CP] Check Pods Manifest.lock";
			outputPaths = (
				"$(DERIVED_FILE_DIR)/Pods-schwablication-checkManifestLockResult.txt",
			);
			runOnlyForDeploymentPostprocessing = 0;
			shellPath = /bin/sh;
			shellScript = "diff \"${PODS_PODFILE_DIR_PATH}/Podfile.lock\" \"${PODS_ROOT}/Manifest.lock\" > /dev/null\nif [ $? != 0 ] ; then\n    # print error to STDERR\n    echo \"error: The sandbox is not in sync with the Podfile.lock. Run 'pod install' or update your CocoaPods installation.\" >&2\n    exit 1\nfi\n# This output is used by Xcode 'outputs' to avoid re-running this script phase.\necho \"SUCCESS\" > \"${SCRIPT_OUTPUT_FILE_0}\"\n";
			showEnvVarsInLog = 0;
		};
		40B43764AD0A123FCC5ABD50 /* [CP] Embed Pods Frameworks */ = {
			isa = PBXShellScriptBuildPhase;
			buildActionMask = 2147483647;
			files = (
			);
			inputPaths = (
				"${SRCROOT}/Pods/Target Support Files/Pods-schwablication/Pods-schwablication-frameworks.sh",
				"${BUILT_PRODUCTS_DIR}/Charts/Charts.framework",
				"${BUILT_PRODUCTS_DIR}/GTMSessionFetcher/GTMSessionFetcher.framework",
				"${BUILT_PRODUCTS_DIR}/GoogleToolboxForMac/GoogleToolboxForMac.framework",
				"${BUILT_PRODUCTS_DIR}/leveldb-library/leveldb.framework",
				"${BUILT_PRODUCTS_DIR}/nanopb/nanopb.framework",
			);
			name = "[CP] Embed Pods Frameworks";
			outputPaths = (
				"${TARGET_BUILD_DIR}/${FRAMEWORKS_FOLDER_PATH}/Charts.framework",
				"${TARGET_BUILD_DIR}/${FRAMEWORKS_FOLDER_PATH}/GTMSessionFetcher.framework",
				"${TARGET_BUILD_DIR}/${FRAMEWORKS_FOLDER_PATH}/GoogleToolboxForMac.framework",
				"${TARGET_BUILD_DIR}/${FRAMEWORKS_FOLDER_PATH}/leveldb.framework",
				"${TARGET_BUILD_DIR}/${FRAMEWORKS_FOLDER_PATH}/nanopb.framework",
			);
			runOnlyForDeploymentPostprocessing = 0;
			shellPath = /bin/sh;
			shellScript = "\"${SRCROOT}/Pods/Target Support Files/Pods-schwablication/Pods-schwablication-frameworks.sh\"\n";
			showEnvVarsInLog = 0;
		};
		AEFD08404B8D8D53A33685A3 /* [CP] Check Pods Manifest.lock */ = {
			isa = PBXShellScriptBuildPhase;
			buildActionMask = 2147483647;
			files = (
			);
			inputPaths = (
				"${PODS_PODFILE_DIR_PATH}/Podfile.lock",
				"${PODS_ROOT}/Manifest.lock",
			);
			name = "[CP] Check Pods Manifest.lock";
			outputPaths = (
				"$(DERIVED_FILE_DIR)/Pods-schwablicationUITests-checkManifestLockResult.txt",
			);
			runOnlyForDeploymentPostprocessing = 0;
			shellPath = /bin/sh;
			shellScript = "diff \"${PODS_PODFILE_DIR_PATH}/Podfile.lock\" \"${PODS_ROOT}/Manifest.lock\" > /dev/null\nif [ $? != 0 ] ; then\n    # print error to STDERR\n    echo \"error: The sandbox is not in sync with the Podfile.lock. Run 'pod install' or update your CocoaPods installation.\" >&2\n    exit 1\nfi\n# This output is used by Xcode 'outputs' to avoid re-running this script phase.\necho \"SUCCESS\" > \"${SCRIPT_OUTPUT_FILE_0}\"\n";
			showEnvVarsInLog = 0;
		};
		C6F3CF2D91687F4E00E9F3BD /* [CP] Check Pods Manifest.lock */ = {
			isa = PBXShellScriptBuildPhase;
			buildActionMask = 2147483647;
			files = (
			);
			inputPaths = (
				"${PODS_PODFILE_DIR_PATH}/Podfile.lock",
				"${PODS_ROOT}/Manifest.lock",
			);
			name = "[CP] Check Pods Manifest.lock";
			outputPaths = (
				"$(DERIVED_FILE_DIR)/Pods-schwablicationTests-checkManifestLockResult.txt",
			);
			runOnlyForDeploymentPostprocessing = 0;
			shellPath = /bin/sh;
			shellScript = "diff \"${PODS_PODFILE_DIR_PATH}/Podfile.lock\" \"${PODS_ROOT}/Manifest.lock\" > /dev/null\nif [ $? != 0 ] ; then\n    # print error to STDERR\n    echo \"error: The sandbox is not in sync with the Podfile.lock. Run 'pod install' or update your CocoaPods installation.\" >&2\n    exit 1\nfi\n# This output is used by Xcode 'outputs' to avoid re-running this script phase.\necho \"SUCCESS\" > \"${SCRIPT_OUTPUT_FILE_0}\"\n";
			showEnvVarsInLog = 0;
		};
/* End PBXShellScriptBuildPhase section */

/* Begin PBXSourcesBuildPhase section */
		C4279E2F20E57E76006FD30C /* Sources */ = {
			isa = PBXSourcesBuildPhase;
			buildActionMask = 2147483647;
			files = (
				C41E156320E930F3001849F1 /* EntryModel.swift in Sources */,
				C41E155B20E9275B001849F1 /* DateFormatter.swift in Sources */,
				C41E155A20E926AB001849F1 /* DateFormatterUnitTest.swift in Sources */,
				C41E156220E92CB1001849F1 /* EntryManager.swift in Sources */,
				C41E156420E931B9001849F1 /* Category.swift in Sources */,
			);
			runOnlyForDeploymentPostprocessing = 0;
		};
		C4279E3D20E57E7D006FD30C /* Sources */ = {
			isa = PBXSourcesBuildPhase;
			buildActionMask = 2147483647;
			files = (
				C4279E4E20E57F1D006FD30C /* ListViewUITest.swift in Sources */,
				3A32FEE220E91BBB00B7296A /* HomeViewUITest.swift in Sources */,
				C41E155620E9026C001849F1 /* LoginViewUITest.swift in Sources */,
				C41E156620E9556D001849F1 /* ExtendedListViewUITest.swift in Sources */,
				C41E155420E9025B001849F1 /* RegisterViewUITest.swift in Sources */,
			);
			runOnlyForDeploymentPostprocessing = 0;
		};
		C4AD42CB20D8310B003652AE /* Sources */ = {
			isa = PBXSourcesBuildPhase;
			buildActionMask = 2147483647;
			files = (
				C4FB3CDE20DE853B008E4E21 /* DateFormatter.swift in Sources */,
				C4E6A75D20E639D30009BDFD /* RegisterViewController.swift in Sources */,
				C40FD8A120E82A7D00CDF282 /* UIImage+Gif.swift in Sources */,
				C44B610B20D83C2D004EBFA8 /* ListViewControllerTableViewCell.swift in Sources */,
				C4AD42D520D8310B003652AE /* ListViewController.swift in Sources */,
				3AF02E6220E510CC00A206A5 /* HomeViewController.swift in Sources */,
				C40FD89F20E7C9CA00CDF282 /* ExtendedListViewController.swift in Sources */,
				C4FB3CDC20DD38A5008E4E21 /* EntryManager.swift in Sources */,
				C4AD42D320D8310B003652AE /* AppDelegate.swift in Sources */,
				C41E70E420D833200033CC18 /* EntryModel.swift in Sources */,
				3AF02E6020E5109A00A206A5 /* Alert.swift in Sources */,
				C4E6A75B20E637940009BDFD /* LoginViewController.swift in Sources */,
				C44B610D20D84AD5004EBFA8 /* Category.swift in Sources */,
				C431AC2520E6DC69002C6E56 /* ImageHelper.swift in Sources */,
			);
			runOnlyForDeploymentPostprocessing = 0;
		};
/* End PBXSourcesBuildPhase section */

/* Begin PBXTargetDependency section */
		C4279E3920E57E76006FD30C /* PBXTargetDependency */ = {
			isa = PBXTargetDependency;
			target = C4AD42CE20D8310B003652AE /* schwablication */;
			targetProxy = C4279E3820E57E76006FD30C /* PBXContainerItemProxy */;
		};
		C4279E4720E57E7D006FD30C /* PBXTargetDependency */ = {
			isa = PBXTargetDependency;
			target = C4AD42CE20D8310B003652AE /* schwablication */;
			targetProxy = C4279E4620E57E7D006FD30C /* PBXContainerItemProxy */;
		};
/* End PBXTargetDependency section */

/* Begin PBXVariantGroup section */
		C4AD42D620D8310B003652AE /* Main.storyboard */ = {
			isa = PBXVariantGroup;
			children = (
				C4AD42D720D8310B003652AE /* Base */,
			);
			name = Main.storyboard;
			sourceTree = "<group>";
		};
/* End PBXVariantGroup section */

/* Begin XCBuildConfiguration section */
		C4279E3A20E57E76006FD30C /* Debug */ = {
			isa = XCBuildConfiguration;
			baseConfigurationReference = 75E38239E44F2612E9025CDF /* Pods-schwablication.debug.xcconfig */;
			buildSettings = {
				BUNDLE_LOADER = "$(TEST_HOST)";
				CODE_SIGN_STYLE = Automatic;
				DEVELOPMENT_TEAM = 63DAK33447;
				INFOPLIST_FILE = schwablicationTests/Info.plist;
				LD_RUNPATH_SEARCH_PATHS = (
					"$(inherited)",
					"@executable_path/Frameworks",
					"@loader_path/Frameworks",
				);
				PRODUCT_BUNDLE_IDENTIFIER = com.hdm.schwablicationTests;
				PRODUCT_NAME = "$(TARGET_NAME)";
				SWIFT_VERSION = 4.0;
				TARGETED_DEVICE_FAMILY = "1,2";
				TEST_HOST = "$(BUILT_PRODUCTS_DIR)/schwablication.app/schwablication";
			};
			name = Debug;
		};
		C4279E3B20E57E76006FD30C /* Release */ = {
			isa = XCBuildConfiguration;
			baseConfigurationReference = B6872A711C04FAA78DFFFA4E /* Pods-schwablicationTests.release.xcconfig */;
			buildSettings = {
				BUNDLE_LOADER = "$(TEST_HOST)";
				CODE_SIGN_STYLE = Automatic;
				DEVELOPMENT_TEAM = 63DAK33447;
				INFOPLIST_FILE = schwablicationTests/Info.plist;
				LD_RUNPATH_SEARCH_PATHS = (
					"$(inherited)",
					"@executable_path/Frameworks",
					"@loader_path/Frameworks",
				);
				PRODUCT_BUNDLE_IDENTIFIER = com.hdm.schwablicationTests;
				PRODUCT_NAME = "$(TARGET_NAME)";
				SWIFT_VERSION = 4.0;
				TARGETED_DEVICE_FAMILY = "1,2";
				TEST_HOST = "$(BUILT_PRODUCTS_DIR)/schwablication.app/schwablication";
			};
			name = Release;
		};
		C4279E4920E57E7D006FD30C /* Debug */ = {
			isa = XCBuildConfiguration;
			baseConfigurationReference = 75E38239E44F2612E9025CDF /* Pods-schwablication.debug.xcconfig */;
			buildSettings = {
				CODE_SIGN_STYLE = Automatic;
				DEVELOPMENT_TEAM = 63DAK33447;
				INFOPLIST_FILE = schwablicationUITests/Info.plist;
				LD_RUNPATH_SEARCH_PATHS = (
					"$(inherited)",
					"@executable_path/Frameworks",
					"@loader_path/Frameworks",
				);
				PRODUCT_BUNDLE_IDENTIFIER = com.hdm.schwablicationUITests;
				PRODUCT_NAME = "$(TARGET_NAME)";
				SWIFT_VERSION = 4.0;
				TARGETED_DEVICE_FAMILY = "1,2";
				TEST_TARGET_NAME = schwablication;
			};
			name = Debug;
		};
		C4279E4A20E57E7D006FD30C /* Release */ = {
			isa = XCBuildConfiguration;
			baseConfigurationReference = 687682AF0EC02EE498DFB8CB /* Pods-schwablicationUITests.release.xcconfig */;
			buildSettings = {
				CODE_SIGN_STYLE = Automatic;
				DEVELOPMENT_TEAM = 63DAK33447;
				INFOPLIST_FILE = schwablicationUITests/Info.plist;
				LD_RUNPATH_SEARCH_PATHS = (
					"$(inherited)",
					"@executable_path/Frameworks",
					"@loader_path/Frameworks",
				);
				PRODUCT_BUNDLE_IDENTIFIER = com.hdm.schwablicationUITests;
				PRODUCT_NAME = "$(TARGET_NAME)";
				SWIFT_VERSION = 4.0;
				TARGETED_DEVICE_FAMILY = "1,2";
				TEST_TARGET_NAME = schwablication;
			};
			name = Release;
		};
		C4AD42F520D8310C003652AE /* Debug */ = {
			isa = XCBuildConfiguration;
			buildSettings = {
				ALWAYS_SEARCH_USER_PATHS = NO;
				CLANG_ANALYZER_NONNULL = YES;
				CLANG_ANALYZER_NUMBER_OBJECT_CONVERSION = YES_AGGRESSIVE;
				CLANG_CXX_LANGUAGE_STANDARD = "gnu++14";
				CLANG_CXX_LIBRARY = "libc++";
				CLANG_ENABLE_MODULES = YES;
				CLANG_ENABLE_OBJC_ARC = YES;
				CLANG_ENABLE_OBJC_WEAK = YES;
				CLANG_WARN_BLOCK_CAPTURE_AUTORELEASING = YES;
				CLANG_WARN_BOOL_CONVERSION = YES;
				CLANG_WARN_COMMA = YES;
				CLANG_WARN_CONSTANT_CONVERSION = YES;
				CLANG_WARN_DEPRECATED_OBJC_IMPLEMENTATIONS = YES;
				CLANG_WARN_DIRECT_OBJC_ISA_USAGE = YES_ERROR;
				CLANG_WARN_DOCUMENTATION_COMMENTS = YES;
				CLANG_WARN_EMPTY_BODY = YES;
				CLANG_WARN_ENUM_CONVERSION = YES;
				CLANG_WARN_INFINITE_RECURSION = YES;
				CLANG_WARN_INT_CONVERSION = YES;
				CLANG_WARN_NON_LITERAL_NULL_CONVERSION = YES;
				CLANG_WARN_OBJC_IMPLICIT_RETAIN_SELF = YES;
				CLANG_WARN_OBJC_LITERAL_CONVERSION = YES;
				CLANG_WARN_OBJC_ROOT_CLASS = YES_ERROR;
				CLANG_WARN_RANGE_LOOP_ANALYSIS = YES;
				CLANG_WARN_STRICT_PROTOTYPES = YES;
				CLANG_WARN_SUSPICIOUS_MOVE = YES;
				CLANG_WARN_UNGUARDED_AVAILABILITY = YES_AGGRESSIVE;
				CLANG_WARN_UNREACHABLE_CODE = YES;
				CLANG_WARN__DUPLICATE_METHOD_MATCH = YES;
				CODE_SIGN_IDENTITY = "iPhone Developer";
				COPY_PHASE_STRIP = NO;
				DEBUG_INFORMATION_FORMAT = dwarf;
				ENABLE_STRICT_OBJC_MSGSEND = YES;
				ENABLE_TESTABILITY = YES;
				GCC_C_LANGUAGE_STANDARD = gnu11;
				GCC_DYNAMIC_NO_PIC = NO;
				GCC_NO_COMMON_BLOCKS = YES;
				GCC_OPTIMIZATION_LEVEL = 0;
				GCC_PREPROCESSOR_DEFINITIONS = (
					"DEBUG=1",
					"$(inherited)",
				);
				GCC_WARN_64_TO_32_BIT_CONVERSION = YES;
				GCC_WARN_ABOUT_RETURN_TYPE = YES_ERROR;
				GCC_WARN_UNDECLARED_SELECTOR = YES;
				GCC_WARN_UNINITIALIZED_AUTOS = YES_AGGRESSIVE;
				GCC_WARN_UNUSED_FUNCTION = YES;
				GCC_WARN_UNUSED_VARIABLE = YES;
				IPHONEOS_DEPLOYMENT_TARGET = 11.4;
				MTL_ENABLE_DEBUG_INFO = YES;
				ONLY_ACTIVE_ARCH = YES;
				SDKROOT = iphoneos;
				SWIFT_ACTIVE_COMPILATION_CONDITIONS = DEBUG;
				SWIFT_OPTIMIZATION_LEVEL = "-Onone";
			};
			name = Debug;
		};
		C4AD42F620D8310C003652AE /* Release */ = {
			isa = XCBuildConfiguration;
			buildSettings = {
				ALWAYS_SEARCH_USER_PATHS = NO;
				CLANG_ANALYZER_NONNULL = YES;
				CLANG_ANALYZER_NUMBER_OBJECT_CONVERSION = YES_AGGRESSIVE;
				CLANG_CXX_LANGUAGE_STANDARD = "gnu++14";
				CLANG_CXX_LIBRARY = "libc++";
				CLANG_ENABLE_MODULES = YES;
				CLANG_ENABLE_OBJC_ARC = YES;
				CLANG_ENABLE_OBJC_WEAK = YES;
				CLANG_WARN_BLOCK_CAPTURE_AUTORELEASING = YES;
				CLANG_WARN_BOOL_CONVERSION = YES;
				CLANG_WARN_COMMA = YES;
				CLANG_WARN_CONSTANT_CONVERSION = YES;
				CLANG_WARN_DEPRECATED_OBJC_IMPLEMENTATIONS = YES;
				CLANG_WARN_DIRECT_OBJC_ISA_USAGE = YES_ERROR;
				CLANG_WARN_DOCUMENTATION_COMMENTS = YES;
				CLANG_WARN_EMPTY_BODY = YES;
				CLANG_WARN_ENUM_CONVERSION = YES;
				CLANG_WARN_INFINITE_RECURSION = YES;
				CLANG_WARN_INT_CONVERSION = YES;
				CLANG_WARN_NON_LITERAL_NULL_CONVERSION = YES;
				CLANG_WARN_OBJC_IMPLICIT_RETAIN_SELF = YES;
				CLANG_WARN_OBJC_LITERAL_CONVERSION = YES;
				CLANG_WARN_OBJC_ROOT_CLASS = YES_ERROR;
				CLANG_WARN_RANGE_LOOP_ANALYSIS = YES;
				CLANG_WARN_STRICT_PROTOTYPES = YES;
				CLANG_WARN_SUSPICIOUS_MOVE = YES;
				CLANG_WARN_UNGUARDED_AVAILABILITY = YES_AGGRESSIVE;
				CLANG_WARN_UNREACHABLE_CODE = YES;
				CLANG_WARN__DUPLICATE_METHOD_MATCH = YES;
				CODE_SIGN_IDENTITY = "iPhone Developer";
				COPY_PHASE_STRIP = NO;
				DEBUG_INFORMATION_FORMAT = "dwarf-with-dsym";
				ENABLE_NS_ASSERTIONS = NO;
				ENABLE_STRICT_OBJC_MSGSEND = YES;
				GCC_C_LANGUAGE_STANDARD = gnu11;
				GCC_NO_COMMON_BLOCKS = YES;
				GCC_WARN_64_TO_32_BIT_CONVERSION = YES;
				GCC_WARN_ABOUT_RETURN_TYPE = YES_ERROR;
				GCC_WARN_UNDECLARED_SELECTOR = YES;
				GCC_WARN_UNINITIALIZED_AUTOS = YES_AGGRESSIVE;
				GCC_WARN_UNUSED_FUNCTION = YES;
				GCC_WARN_UNUSED_VARIABLE = YES;
				IPHONEOS_DEPLOYMENT_TARGET = 11.4;
				MTL_ENABLE_DEBUG_INFO = NO;
				SDKROOT = iphoneos;
				SWIFT_COMPILATION_MODE = wholemodule;
				SWIFT_OPTIMIZATION_LEVEL = "-O";
				VALIDATE_PRODUCT = YES;
			};
			name = Release;
		};
		C4AD42F820D8310C003652AE /* Debug */ = {
			isa = XCBuildConfiguration;
			baseConfigurationReference = 75E38239E44F2612E9025CDF /* Pods-schwablication.debug.xcconfig */;
			buildSettings = {
				ASSETCATALOG_COMPILER_APPICON_NAME = AppIcon;
				CODE_SIGN_STYLE = Automatic;
				DEVELOPMENT_TEAM = 63DAK33447;
				INFOPLIST_FILE = schwablication/Info.plist;
				LD_RUNPATH_SEARCH_PATHS = (
					"$(inherited)",
					"@executable_path/Frameworks",
				);
				PRODUCT_BUNDLE_IDENTIFIER = com.hdm.schwablication;
				PRODUCT_NAME = "$(TARGET_NAME)";
				SWIFT_VERSION = 4.0;
				TARGETED_DEVICE_FAMILY = 1;
			};
			name = Debug;
		};
		C4AD42F920D8310C003652AE /* Release */ = {
			isa = XCBuildConfiguration;
			baseConfigurationReference = 5B4E2ED79ADD392E28586DE7 /* Pods-schwablication.release.xcconfig */;
			buildSettings = {
				ASSETCATALOG_COMPILER_APPICON_NAME = AppIcon;
				CODE_SIGN_STYLE = Automatic;
				DEVELOPMENT_TEAM = 63DAK33447;
				INFOPLIST_FILE = schwablication/Info.plist;
				LD_RUNPATH_SEARCH_PATHS = (
					"$(inherited)",
					"@executable_path/Frameworks",
				);
				PRODUCT_BUNDLE_IDENTIFIER = com.hdm.schwablication;
				PRODUCT_NAME = "$(TARGET_NAME)";
				SWIFT_VERSION = 4.0;
				TARGETED_DEVICE_FAMILY = 1;
			};
			name = Release;
		};
/* End XCBuildConfiguration section */

/* Begin XCConfigurationList section */
		C4279E3C20E57E76006FD30C /* Build configuration list for PBXNativeTarget "schwablicationTests" */ = {
			isa = XCConfigurationList;
			buildConfigurations = (
				C4279E3A20E57E76006FD30C /* Debug */,
				C4279E3B20E57E76006FD30C /* Release */,
			);
			defaultConfigurationIsVisible = 0;
			defaultConfigurationName = Release;
		};
		C4279E4820E57E7D006FD30C /* Build configuration list for PBXNativeTarget "schwablicationUITests" */ = {
			isa = XCConfigurationList;
			buildConfigurations = (
				C4279E4920E57E7D006FD30C /* Debug */,
				C4279E4A20E57E7D006FD30C /* Release */,
			);
			defaultConfigurationIsVisible = 0;
			defaultConfigurationName = Release;
		};
		C4AD42CA20D8310B003652AE /* Build configuration list for PBXProject "schwablication" */ = {
			isa = XCConfigurationList;
			buildConfigurations = (
				C4AD42F520D8310C003652AE /* Debug */,
				C4AD42F620D8310C003652AE /* Release */,
			);
			defaultConfigurationIsVisible = 0;
			defaultConfigurationName = Release;
		};
		C4AD42F720D8310C003652AE /* Build configuration list for PBXNativeTarget "schwablication" */ = {
			isa = XCConfigurationList;
			buildConfigurations = (
				C4AD42F820D8310C003652AE /* Debug */,
				C4AD42F920D8310C003652AE /* Release */,
			);
			defaultConfigurationIsVisible = 0;
			defaultConfigurationName = Release;
		};
/* End XCConfigurationList section */
	};
	rootObject = C4AD42C720D8310B003652AE /* Project object */;
}
